
Microsoft Visual Studio Solution File, Format Version 12.00
# Visual Studio 2013
VisualStudioVersion = 12.0.21005.1
MinimumVisualStudioVersion = 10.0.40219.1
Project("{2150E333-8FDC-42A3-9474-1A3956D46DE8}") = "UI", "UI", "{A09B9F5D-7437-44E1-88AD-7E9E6980FC12}"
EndProject
Project("{2150E333-8FDC-42A3-9474-1A3956D46DE8}") = "Tests", "Tests", "{4417DC05-6BC2-47EC-A8D2-795FF36F22FC}"
EndProject
Project("{FAE04EC0-301F-11D3-BF4B-00C04F79EFBC}") = "DBP.UI.Web", "DBP.UI.Web\DBP.UI.Web.csproj", "{60373E1F-8515-4CE9-B693-35C7C1CD5EB5}"
EndProject
Project("{FAE04EC0-301F-11D3-BF4B-00C04F79EFBC}") = "DBP.UI.Admin", "DBP.UI.Admin\DBP.UI.Admin.csproj", "{DD2ED695-4DB2-453F-BDC4-F938CC914561}"
EndProject
Project("{2150E333-8FDC-42A3-9474-1A3956D46DE8}") = "Core", "Core", "{4BBD1AAC-A9E0-496C-8992-E1914DC46712}"
EndProject
Project("{FAE04EC0-301F-11D3-BF4B-00C04F79EFBC}") = "DBP.Core.BO", "DBP.Core.BO\DBP.Core.BO.csproj", "{E288EC14-8973-4416-9CC0-7B5376530D76}"
EndProject
Project("{FAE04EC0-301F-11D3-BF4B-00C04F79EFBC}") = "DBP.Core.BL", "DBP.Core.BL\DBP.Core.BL.csproj", "{E466EA2F-FD1B-4982-A9CD-26CB9006A5B7}"
EndProject
Project("{2150E333-8FDC-42A3-9474-1A3956D46DE8}") = "DTO", "DTO", "{B54732D0-39C1-49A8-B38C-1EA6D7D15A58}"
EndProject
Project("{FAE04EC0-301F-11D3-BF4B-00C04F79EFBC}") = "DBP.Core.DTO", "DBP.Core.DTO\DBP.Core.DTO.csproj", "{690E7752-EF08-4F2E-BB3E-D8F166D5CE2D}"
EndProject
Project("{FAE04EC0-301F-11D3-BF4B-00C04F79EFBC}") = "DBP.Core.DAL", "DBP.Core.DAL\DBP.Core.DAL.csproj", "{66D538AF-AEF5-4654-B4FC-E68476DE730A}"
EndProject
Project("{2150E333-8FDC-42A3-9474-1A3956D46DE8}") = "Infrastructure", "Infrastructure", "{593EFFCE-3BFA-4C3D-BDAD-12D13A8D141B}"
EndProject
Project("{FAE04EC0-301F-11D3-BF4B-00C04F79EFBC}") = "DBP.UI.Framework", "DBP.UI.Framework\DBP.UI.Framework.csproj", "{8B4239B7-AE12-49F1-A2C2-8268F265A7E1}"
EndProject
Project("{FAE04EC0-301F-11D3-BF4B-00C04F79EFBC}") = "DBP.DAL.Tests", "DBP.DAL.Tests\DBP.DAL.Tests.csproj", "{FBCB5EC4-F5CD-4A26-B476-DD4EE41A700D}"
EndProject
Project("{FAE04EC0-301F-11D3-BF4B-00C04F79EFBC}") = "DBP.Infrastructure.UI", "DBP.Infrastructure.UI\DBP.Infrastructure.UI.csproj", "{EF92566B-DE5C-46EB-9171-64C6C94D0686}"
EndProject
Project("{FAE04EC0-301F-11D3-BF4B-00C04F79EFBC}") = "DBP.Infrastructure.Core", "DBP.Infrastructure.Core\DBP.Infrastructure.Core.csproj", "{A1FC0444-E711-46FB-9C25-CF3121E00479}"
EndProject
Project("{2150E333-8FDC-42A3-9474-1A3956D46DE8}") = "Database", "Database", "{C7B16094-A24A-41DB-BACD-2ADBE869FBD8}"
EndProject
Project("{2150E333-8FDC-42A3-9474-1A3956D46DE8}") = "Other", "Other", "{789FAB3A-901F-4805-AC3F-1733243D0A9F}"
EndProject
Project("{00D1A9C2-B5F0-4AF3-8072-F6C62B433612}") = "DBP.Database", "DBP.Database\DBP.Database.sqlproj", "{232A349A-F59F-4168-8B2A-2CC5B33D4DA6}"
EndProject
Project("{F088123C-0E9E-452A-89E6-6BA2F21D5CAC}") = "DBP.Infrastructure", "DBP.Infrastructure\DBP.Infrastructure.modelproj", "{DF6C1EEA-1B84-459E-8629-F08B2A012F03}"
EndProject
Global
	GlobalSection(SolutionConfigurationPlatforms) = preSolution
		Debug|Any CPU = Debug|Any CPU
		Release|Any CPU = Release|Any CPU
	EndGlobalSection
	GlobalSection(ProjectConfigurationPlatforms) = postSolution
		{60373E1F-8515-4CE9-B693-35C7C1CD5EB5}.Debug|Any CPU.ActiveCfg = Debug|Any CPU
		{60373E1F-8515-4CE9-B693-35C7C1CD5EB5}.Debug|Any CPU.Build.0 = Debug|Any CPU
		{60373E1F-8515-4CE9-B693-35C7C1CD5EB5}.Release|Any CPU.ActiveCfg = Release|Any CPU
		{60373E1F-8515-4CE9-B693-35C7C1CD5EB5}.Release|Any CPU.Build.0 = Release|Any CPU
		{DD2ED695-4DB2-453F-BDC4-F938CC914561}.Debug|Any CPU.ActiveCfg = Debug|Any CPU
		{DD2ED695-4DB2-453F-BDC4-F938CC914561}.Debug|Any CPU.Build.0 = Debug|Any CPU
		{DD2ED695-4DB2-453F-BDC4-F938CC914561}.Release|Any CPU.ActiveCfg = Release|Any CPU
		{DD2ED695-4DB2-453F-BDC4-F938CC914561}.Release|Any CPU.Build.0 = Release|Any CPU
		{E288EC14-8973-4416-9CC0-7B5376530D76}.Debug|Any CPU.ActiveCfg = Debug|Any CPU
		{E288EC14-8973-4416-9CC0-7B5376530D76}.Debug|Any CPU.Build.0 = Debug|Any CPU
		{E288EC14-8973-4416-9CC0-7B5376530D76}.Release|Any CPU.ActiveCfg = Release|Any CPU
		{E288EC14-8973-4416-9CC0-7B5376530D76}.Release|Any CPU.Build.0 = Release|Any CPU
		{E466EA2F-FD1B-4982-A9CD-26CB9006A5B7}.Debug|Any CPU.ActiveCfg = Debug|Any CPU
		{E466EA2F-FD1B-4982-A9CD-26CB9006A5B7}.Debug|Any CPU.Build.0 = Debug|Any CPU
		{E466EA2F-FD1B-4982-A9CD-26CB9006A5B7}.Release|Any CPU.ActiveCfg = Release|Any CPU
		{E466EA2F-FD1B-4982-A9CD-26CB9006A5B7}.Release|Any CPU.Build.0 = Release|Any CPU
		{690E7752-EF08-4F2E-BB3E-D8F166D5CE2D}.Debug|Any CPU.ActiveCfg = Debug|Any CPU
		{690E7752-EF08-4F2E-BB3E-D8F166D5CE2D}.Debug|Any CPU.Build.0 = Debug|Any CPU
		{690E7752-EF08-4F2E-BB3E-D8F166D5CE2D}.Release|Any CPU.ActiveCfg = Release|Any CPU
		{690E7752-EF08-4F2E-BB3E-D8F166D5CE2D}.Release|Any CPU.Build.0 = Release|Any CPU
		{66D538AF-AEF5-4654-B4FC-E68476DE730A}.Debug|Any CPU.ActiveCfg = Debug|Any CPU
		{66D538AF-AEF5-4654-B4FC-E68476DE730A}.Debug|Any CPU.Build.0 = Debug|Any CPU
		{66D538AF-AEF5-4654-B4FC-E68476DE730A}.Release|Any CPU.ActiveCfg = Release|Any CPU
		{66D538AF-AEF5-4654-B4FC-E68476DE730A}.Release|Any CPU.Build.0 = Release|Any CPU
		{8B4239B7-AE12-49F1-A2C2-8268F265A7E1}.Debug|Any CPU.ActiveCfg = Debug|Any CPU
		{8B4239B7-AE12-49F1-A2C2-8268F265A7E1}.Debug|Any CPU.Build.0 = Debug|Any CPU
		{8B4239B7-AE12-49F1-A2C2-8268F265A7E1}.Release|Any CPU.ActiveCfg = Release|Any CPU
		{8B4239B7-AE12-49F1-A2C2-8268F265A7E1}.Release|Any CPU.Build.0 = Release|Any CPU
		{FBCB5EC4-F5CD-4A26-B476-DD4EE41A700D}.Debug|Any CPU.ActiveCfg = Debug|Any CPU
		{FBCB5EC4-F5CD-4A26-B476-DD4EE41A700D}.Debug|Any CPU.Build.0 = Debug|Any CPU
		{FBCB5EC4-F5CD-4A26-B476-DD4EE41A700D}.Release|Any CPU.ActiveCfg = Release|Any CPU
		{FBCB5EC4-F5CD-4A26-B476-DD4EE41A700D}.Release|Any CPU.Build.0 = Release|Any CPU
		{EF92566B-DE5C-46EB-9171-64C6C94D0686}.Debug|Any CPU.ActiveCfg = Debug|Any CPU
		{EF92566B-DE5C-46EB-9171-64C6C94D0686}.Debug|Any CPU.Build.0 = Debug|Any CPU
		{EF92566B-DE5C-46EB-9171-64C6C94D0686}.Release|Any CPU.ActiveCfg = Release|Any CPU
		{EF92566B-DE5C-46EB-9171-64C6C94D0686}.Release|Any CPU.Build.0 = Release|Any CPU
		{A1FC0444-E711-46FB-9C25-CF3121E00479}.Debug|Any CPU.ActiveCfg = Debug|Any CPU
		{A1FC0444-E711-46FB-9C25-CF3121E00479}.Debug|Any CPU.Build.0 = Debug|Any CPU
		{A1FC0444-E711-46FB-9C25-CF3121E00479}.Release|Any CPU.ActiveCfg = Release|Any CPU
		{A1FC0444-E711-46FB-9C25-CF3121E00479}.Release|Any CPU.Build.0 = Release|Any CPU
		{232A349A-F59F-4168-8B2A-2CC5B33D4DA6}.Debug|Any CPU.ActiveCfg = Debug|Any CPU
		{232A349A-F59F-4168-8B2A-2CC5B33D4DA6}.Debug|Any CPU.Build.0 = Debug|Any CPU
		{232A349A-F59F-4168-8B2A-2CC5B33D4DA6}.Debug|Any CPU.Deploy.0 = Debug|Any CPU
		{232A349A-F59F-4168-8B2A-2CC5B33D4DA6}.Release|Any CPU.ActiveCfg = Release|Any CPU
		{232A349A-F59F-4168-8B2A-2CC5B33D4DA6}.Release|Any CPU.Build.0 = Release|Any CPU
		{232A349A-F59F-4168-8B2A-2CC5B33D4DA6}.Release|Any CPU.Deploy.0 = Release|Any CPU
		{DF6C1EEA-1B84-459E-8629-F08B2A012F03}.Debug|Any CPU.ActiveCfg = Debug|Any CPU
		{DF6C1EEA-1B84-459E-8629-F08B2A012F03}.Debug|Any CPU.Build.0 = Debug|Any CPU
		{DF6C1EEA-1B84-459E-8629-F08B2A012F03}.Release|Any CPU.ActiveCfg = Release|Any CPU
		{DF6C1EEA-1B84-459E-8629-F08B2A012F03}.Release|Any CPU.Build.0 = Release|Any CPU
	EndGlobalSection
	GlobalSection(SolutionProperties) = preSolution
		HideSolutionNode = FALSE
	EndGlobalSection
	GlobalSection(NestedProjects) = preSolution
		{60373E1F-8515-4CE9-B693-35C7C1CD5EB5} = {A09B9F5D-7437-44E1-88AD-7E9E6980FC12}
		{DD2ED695-4DB2-453F-BDC4-F938CC914561} = {A09B9F5D-7437-44E1-88AD-7E9E6980FC12}
		{8B4239B7-AE12-49F1-A2C2-8268F265A7E1} = {A09B9F5D-7437-44E1-88AD-7E9E6980FC12}
		{FBCB5EC4-F5CD-4A26-B476-DD4EE41A700D} = {4417DC05-6BC2-47EC-A8D2-795FF36F22FC}
		{E288EC14-8973-4416-9CC0-7B5376530D76} = {4BBD1AAC-A9E0-496C-8992-E1914DC46712}
		{E466EA2F-FD1B-4982-A9CD-26CB9006A5B7} = {4BBD1AAC-A9E0-496C-8992-E1914DC46712}
		{66D538AF-AEF5-4654-B4FC-E68476DE730A} = {4BBD1AAC-A9E0-496C-8992-E1914DC46712}
		{690E7752-EF08-4F2E-BB3E-D8F166D5CE2D} = {B54732D0-39C1-49A8-B38C-1EA6D7D15A58}
		{EF92566B-DE5C-46EB-9171-64C6C94D0686} = {593EFFCE-3BFA-4C3D-BDAD-12D13A8D141B}
		{A1FC0444-E711-46FB-9C25-CF3121E00479} = {593EFFCE-3BFA-4C3D-BDAD-12D13A8D141B}
		{232A349A-F59F-4168-8B2A-2CC5B33D4DA6} = {C7B16094-A24A-41DB-BACD-2ADBE869FBD8}
		{DF6C1EEA-1B84-459E-8629-F08B2A012F03} = {789FAB3A-901F-4805-AC3F-1733243D0A9F}
	EndGlobalSection
EndGlobal
